
Microsoft Visual Studio Solution File, Format Version 12.00
# Visual Studio Version 16
VisualStudioVersion = 16.0.30523.141
MinimumVisualStudioVersion = 10.0.40219.1
Project("{FAE04EC0-301F-11D3-BF4B-00C04F79EFBC}") = "Entities", "Entities\Entities.csproj", "{E2AFE6D0-5D38-42E1-9401-74EC08A24BCA}"
EndProject
Project("{FAE04EC0-301F-11D3-BF4B-00C04F79EFBC}") = "DataAccess", "DataAccess\DataAccess.csproj", "{1482A3A4-8F0E-4E6B-86FD-909398B69564}"
EndProject
Project("{FAE04EC0-301F-11D3-BF4B-00C04F79EFBC}") = "Business", "Business\Business.csproj", "{AF709704-C393-4E3E-B9C2-0843E1060B89}"
EndProject
Project("{FAE04EC0-301F-11D3-BF4B-00C04F79EFBC}") = "ConsoleUI", "ConsoleUI\ConsoleUI.csproj", "{04FBB64F-EF0A-4C1D-9E55-225C2E099102}"
EndProject
Global
	GlobalSection(SolutionConfigurationPlatforms) = preSolution
		Debug|Any CPU = Debug|Any CPU
		Release|Any CPU = Release|Any CPU
	EndGlobalSection
	GlobalSection(ProjectConfigurationPlatforms) = postSolution
		{E2AFE6D0-5D38-42E1-9401-74EC08A24BCA}.Debug|Any CPU.ActiveCfg = Debug|Any CPU
		{E2AFE6D0-5D38-42E1-9401-74EC08A24BCA}.Debug|Any CPU.Build.0 = Debug|Any CPU
		{E2AFE6D0-5D38-42E1-9401-74EC08A24BCA}.Release|Any CPU.ActiveCfg = Release|Any CPU
		{E2AFE6D0-5D38-42E1-9401-74EC08A24BCA}.Release|Any CPU.Build.0 = Release|Any CPU
		{1482A3A4-8F0E-4E6B-86FD-909398B69564}.Debug|Any CPU.ActiveCfg = Debug|Any CPU
		{1482A3A4-8F0E-4E6B-86FD-909398B69564}.Debug|Any CPU.Build.0 = Debug|Any CPU
		{1482A3A4-8F0E-4E6B-86FD-909398B69564}.Release|Any CPU.ActiveCfg = Release|Any CPU
		{1482A3A4-8F0E-4E6B-86FD-909398B69564}.Release|Any CPU.Build.0 = Release|Any CPU
		{AF709704-C393-4E3E-B9C2-0843E1060B89}.Debug|Any CPU.ActiveCfg = Debug|Any CPU
		{AF709704-C393-4E3E-B9C2-0843E1060B89}.Debug|Any CPU.Build.0 = Debug|Any CPU
		{AF709704-C393-4E3E-B9C2-0843E1060B89}.Release|Any CPU.ActiveCfg = Release|Any CPU
		{AF709704-C393-4E3E-B9C2-0843E1060B89}.Release|Any CPU.Build.0 = Release|Any CPU
		{04FBB64F-EF0A-4C1D-9E55-225C2E099102}.Debug|Any CPU.ActiveCfg = Debug|Any CPU
		{04FBB64F-EF0A-4C1D-9E55-225C2E099102}.Debug|Any CPU.Build.0 = Debug|Any CPU
		{04FBB64F-EF0A-4C1D-9E55-225C2E099102}.Release|Any CPU.ActiveCfg = Release|Any CPU
		{04FBB64F-EF0A-4C1D-9E55-225C2E099102}.Release|Any CPU.Build.0 = Release|Any CPU
	EndGlobalSection
	GlobalSection(SolutionProperties) = preSolution
		HideSolutionNode = FALSE
	EndGlobalSection
	GlobalSection(ExtensibilityGlobals) = postSolution
		SolutionGuid = {0FEC0C74-9FF4-43A0-80C9-C0197D52779E}
	EndGlobalSection
EndGlobal
